
Microsoft Visual Studio Solution File, Format Version 12.00
# Visual Studio Version 17
VisualStudioVersion = 17.3.32922.545
MinimumVisualStudioVersion = 10.0.40219.1
Project("{8BC9CEB8-8B4A-11D0-8D11-00A0C91BC942}") = "ConsoleApplication1", "ConsoleApplication1\ConsoleApplication1.vcxproj", "{BE9A3E79-9E12-4B78-AC51-772E41583858}"
EndProject
Global
	GlobalSection(SolutionConfigurationPlatforms) = preSolution
		Debug|x64 = Debug|x64
		Debug|x86 = Debug|x86
		Release|x64 = Release|x64
		Release|x86 = Release|x86
	EndGlobalSection
	GlobalSection(ProjectConfigurationPlatforms) = postSolution
		{BE9A3E79-9E12-4B78-AC51-772E41583858}.Debug|x64.ActiveCfg = Debug|x64
		{BE9A3E79-9E12-4B78-AC51-772E41583858}.Debug|x64.Build.0 = Debug|x64
		{BE9A3E79-9E12-4B78-AC51-772E41583858}.Debug|x86.ActiveCfg = Debug|Win32
		{BE9A3E79-9E12-4B78-AC51-772E41583858}.Debug|x86.Build.0 = Debug|Win32
		{BE9A3E79-9E12-4B78-AC51-772E41583858}.Release|x64.ActiveCfg = Release|x64
		{BE9A3E79-9E12-4B78-AC51-772E41583858}.Release|x64.Build.0 = Release|x64
		{BE9A3E79-9E12-4B78-AC51-772E41583858}.Release|x86.ActiveCfg = Release|Win32
		{BE9A3E79-9E12-4B78-AC51-772E41583858}.Release|x86.Build.0 = Release|Win32
	EndGlobalSection
	GlobalSection(SolutionProperties) = preSolution
		HideSolutionNode = FALSE
	EndGlobalSection
	GlobalSection(ExtensibilityGlobals) = postSolution
		SolutionGuid = {9FC38025-2594-4E47-B4BE-85DFF143904E}
	EndGlobalSection
EndGlobal
